// !$*UTF8*$!
{
	archiveVersion = 1;
	classes = {
	};
	objectVersion = 48;
	objects = {

/* Begin PBXBuildFile section */
		23B8B2BE505B9689A1CB52E5 /* Pods_Hydrogen.framework in Frameworks */ = {isa = PBXBuildFile; fileRef = 34442F5E7337C6DC2100F472 /* Pods_Hydrogen.framework */; };
		4308E3651FA3C08100F1E7B2 /* WebViewController.swift in Sources */ = {isa = PBXBuildFile; fileRef = 4308E3641FA3C08100F1E7B2 /* WebViewController.swift */; };
		4312C3E91FA22B0900CD8AA9 /* SwiftGifOrigin.framework in Frameworks */ = {isa = PBXBuildFile; fileRef = 4312C3EA1FA22B0900CD8AA9 /* SwiftGifOrigin.framework */; };
		4312C3EC1FA232FC00CD8AA9 /* GifTableViewCell.swift in Sources */ = {isa = PBXBuildFile; fileRef = 4312C3EB1FA232FC00CD8AA9 /* GifTableViewCell.swift */; };
		435296301F9F8FD10079877D /* TextTableViewCell.swift in Sources */ = {isa = PBXBuildFile; fileRef = 4352962F1F9F8FD10079877D /* TextTableViewCell.swift */; };
		435296321F9F92EA0079877D /* LinkTableViewCell.swift in Sources */ = {isa = PBXBuildFile; fileRef = 435296311F9F92EA0079877D /* LinkTableViewCell.swift */; };
		436D08B11FA38D55009C0172 /* Logo.png in Resources */ = {isa = PBXBuildFile; fileRef = 436D08B01FA38D55009C0172 /* Logo.png */; };
		438830711F9E9C2A000F59DF /* AppDelegate.swift in Sources */ = {isa = PBXBuildFile; fileRef = 438830701F9E9C2A000F59DF /* AppDelegate.swift */; };
		438830731F9E9C2A000F59DF /* ViewController.swift in Sources */ = {isa = PBXBuildFile; fileRef = 438830721F9E9C2A000F59DF /* ViewController.swift */; };
		438830761F9E9C2A000F59DF /* Main.storyboard in Resources */ = {isa = PBXBuildFile; fileRef = 438830741F9E9C2A000F59DF /* Main.storyboard */; };
		438830781F9E9C2A000F59DF /* Assets.xcassets in Resources */ = {isa = PBXBuildFile; fileRef = 438830771F9E9C2A000F59DF /* Assets.xcassets */; };
		4388307B1F9E9C2A000F59DF /* LaunchScreen.storyboard in Resources */ = {isa = PBXBuildFile; fileRef = 438830791F9E9C2A000F59DF /* LaunchScreen.storyboard */; };
		438AE12C1F9E9E2800F235B1 /* Alamofire.framework in Frameworks */ = {isa = PBXBuildFile; fileRef = 438AE12D1F9E9E2800F235B1 /* Alamofire.framework */; };
		438AE12F1F9EA0E000F235B1 /* ImageTableViewCell.swift in Sources */ = {isa = PBXBuildFile; fileRef = 438AE12E1F9EA0E000F235B1 /* ImageTableViewCell.swift */; };
		43FABBA51F9E9DE3009C5163 /* SwiftyJSON.framework in Frameworks */ = {isa = PBXBuildFile; fileRef = 43FABBA61F9E9DE3009C5163 /* SwiftyJSON.framework */; };
/* End PBXBuildFile section */

/* Begin PBXFileReference section */
		34442F5E7337C6DC2100F472 /* Pods_Hydrogen.framework */ = {isa = PBXFileReference; explicitFileType = wrapper.framework; includeInIndex = 0; path = Pods_Hydrogen.framework; sourceTree = BUILT_PRODUCTS_DIR; };
		427B1706A6528F9F753A3B32 /* Pods-Hydrogen.debug.xcconfig */ = {isa = PBXFileReference; includeInIndex = 1; lastKnownFileType = text.xcconfig; name = "Pods-Hydrogen.debug.xcconfig"; path = "Pods/Target Support Files/Pods-Hydrogen/Pods-Hydrogen.debug.xcconfig"; sourceTree = "<group>"; };
		4308E3641FA3C08100F1E7B2 /* WebViewController.swift */ = {isa = PBXFileReference; lastKnownFileType = sourcecode.swift; path = WebViewController.swift; sourceTree = "<group>"; };
		4312C3EA1FA22B0900CD8AA9 /* SwiftGifOrigin.framework */ = {isa = PBXFileReference; explicitFileType = wrapper.framework; path = SwiftGifOrigin.framework; sourceTree = BUILT_PRODUCTS_DIR; };
		4312C3EB1FA232FC00CD8AA9 /* GifTableViewCell.swift */ = {isa = PBXFileReference; lastKnownFileType = sourcecode.swift; path = GifTableViewCell.swift; sourceTree = "<group>"; };
		4352962F1F9F8FD10079877D /* TextTableViewCell.swift */ = {isa = PBXFileReference; lastKnownFileType = sourcecode.swift; path = TextTableViewCell.swift; sourceTree = "<group>"; };
		435296311F9F92EA0079877D /* LinkTableViewCell.swift */ = {isa = PBXFileReference; lastKnownFileType = sourcecode.swift; path = LinkTableViewCell.swift; sourceTree = "<group>"; };
		436D08B01FA38D55009C0172 /* Logo.png */ = {isa = PBXFileReference; lastKnownFileType = image.png; path = Logo.png; sourceTree = "<group>"; };
		4388306D1F9E9C2A000F59DF /* Hydrogen.app */ = {isa = PBXFileReference; explicitFileType = wrapper.application; includeInIndex = 0; path = Hydrogen.app; sourceTree = BUILT_PRODUCTS_DIR; };
		438830701F9E9C2A000F59DF /* AppDelegate.swift */ = {isa = PBXFileReference; lastKnownFileType = sourcecode.swift; path = AppDelegate.swift; sourceTree = "<group>"; };
		438830721F9E9C2A000F59DF /* ViewController.swift */ = {isa = PBXFileReference; lastKnownFileType = sourcecode.swift; path = ViewController.swift; sourceTree = "<group>"; };
		438830751F9E9C2A000F59DF /* Base */ = {isa = PBXFileReference; lastKnownFileType = file.storyboard; name = Base; path = Base.lproj/Main.storyboard; sourceTree = "<group>"; };
		438830771F9E9C2A000F59DF /* Assets.xcassets */ = {isa = PBXFileReference; lastKnownFileType = folder.assetcatalog; path = Assets.xcassets; sourceTree = "<group>"; };
		4388307A1F9E9C2A000F59DF /* Base */ = {isa = PBXFileReference; lastKnownFileType = file.storyboard; name = Base; path = Base.lproj/LaunchScreen.storyboard; sourceTree = "<group>"; };
		4388307C1F9E9C2A000F59DF /* Info.plist */ = {isa = PBXFileReference; lastKnownFileType = text.plist.xml; path = Info.plist; sourceTree = "<group>"; };
		438AE12D1F9E9E2800F235B1 /* Alamofire.framework */ = {isa = PBXFileReference; explicitFileType = wrapper.framework; path = Alamofire.framework; sourceTree = BUILT_PRODUCTS_DIR; };
		438AE12E1F9EA0E000F235B1 /* ImageTableViewCell.swift */ = {isa = PBXFileReference; lastKnownFileType = sourcecode.swift; path = ImageTableViewCell.swift; sourceTree = "<group>"; };
		43FABBA61F9E9DE3009C5163 /* SwiftyJSON.framework */ = {isa = PBXFileReference; explicitFileType = wrapper.framework; path = SwiftyJSON.framework; sourceTree = BUILT_PRODUCTS_DIR; };
		5E3E8443DA32FC86127DA717 /* Pods-Hydrogen.release.xcconfig */ = {isa = PBXFileReference; includeInIndex = 1; lastKnownFileType = text.xcconfig; name = "Pods-Hydrogen.release.xcconfig"; path = "Pods/Target Support Files/Pods-Hydrogen/Pods-Hydrogen.release.xcconfig"; sourceTree = "<group>"; };
/* End PBXFileReference section */

/* Begin PBXFrameworksBuildPhase section */
		4388306A1F9E9C2A000F59DF /* Frameworks */ = {
			isa = PBXFrameworksBuildPhase;
			buildActionMask = 2147483647;
			files = (
				4312C3E91FA22B0900CD8AA9 /* SwiftGifOrigin.framework in Frameworks */,
				438AE12C1F9E9E2800F235B1 /* Alamofire.framework in Frameworks */,
				43FABBA51F9E9DE3009C5163 /* SwiftyJSON.framework in Frameworks */,
				23B8B2BE505B9689A1CB52E5 /* Pods_Hydrogen.framework in Frameworks */,
			);
			runOnlyForDeploymentPostprocessing = 0;
		};
/* End PBXFrameworksBuildPhase section */

/* Begin PBXGroup section */
		438830641F9E9C2A000F59DF = {
			isa = PBXGroup;
			children = (
				4388306F1F9E9C2A000F59DF /* Hydrogen */,
				4388306E1F9E9C2A000F59DF /* Products */,
				E4C901692B0A6570D5977ED1 /* Pods */,
				A53AA21E3644242FE82F1E18 /* Frameworks */,
			);
			sourceTree = "<group>";
		};
		4388306E1F9E9C2A000F59DF /* Products */ = {
			isa = PBXGroup;
			children = (
				4388306D1F9E9C2A000F59DF /* Hydrogen.app */,
			);
			name = Products;
			sourceTree = "<group>";
		};
		4388306F1F9E9C2A000F59DF /* Hydrogen */ = {
			isa = PBXGroup;
			children = (
				436D08B01FA38D55009C0172 /* Logo.png */,
				438830701F9E9C2A000F59DF /* AppDelegate.swift */,
				438830721F9E9C2A000F59DF /* ViewController.swift */,
				4308E3641FA3C08100F1E7B2 /* WebViewController.swift */,
				438830741F9E9C2A000F59DF /* Main.storyboard */,
				4312C3EB1FA232FC00CD8AA9 /* GifTableViewCell.swift */,
				435296311F9F92EA0079877D /* LinkTableViewCell.swift */,
				4352962F1F9F8FD10079877D /* TextTableViewCell.swift */,
				438AE12E1F9EA0E000F235B1 /* ImageTableViewCell.swift */,
				438830771F9E9C2A000F59DF /* Assets.xcassets */,
				438830791F9E9C2A000F59DF /* LaunchScreen.storyboard */,
				4388307C1F9E9C2A000F59DF /* Info.plist */,
			);
			path = Hydrogen;
			sourceTree = "<group>";
		};
		A53AA21E3644242FE82F1E18 /* Frameworks */ = {
			isa = PBXGroup;
			children = (
				4312C3EA1FA22B0900CD8AA9 /* SwiftGifOrigin.framework */,
				438AE12D1F9E9E2800F235B1 /* Alamofire.framework */,
				43FABBA61F9E9DE3009C5163 /* SwiftyJSON.framework */,
				34442F5E7337C6DC2100F472 /* Pods_Hydrogen.framework */,
			);
			name = Frameworks;
			sourceTree = "<group>";
		};
		E4C901692B0A6570D5977ED1 /* Pods */ = {
			isa = PBXGroup;
			children = (
				427B1706A6528F9F753A3B32 /* Pods-Hydrogen.debug.xcconfig */,
				5E3E8443DA32FC86127DA717 /* Pods-Hydrogen.release.xcconfig */,
			);
			name = Pods;
			sourceTree = "<group>";
		};
/* End PBXGroup section */

/* Begin PBXNativeTarget section */
		4388306C1F9E9C2A000F59DF /* Hydrogen */ = {
			isa = PBXNativeTarget;
			buildConfigurationList = 4388307F1F9E9C2A000F59DF /* Build configuration list for PBXNativeTarget "Hydrogen" */;
			buildPhases = (
				25C578F39D533926BB98398E /* [CP] Check Pods Manifest.lock */,
				438830691F9E9C2A000F59DF /* Sources */,
				4388306A1F9E9C2A000F59DF /* Frameworks */,
				4388306B1F9E9C2A000F59DF /* Resources */,
				2EB41D8A910B27EC9DEDCD57 /* [CP] Embed Pods Frameworks */,
				5F8F0126DE1F353EFCE71EC1 /* [CP] Copy Pods Resources */,
			);
			buildRules = (
			);
			dependencies = (
			);
			name = Hydrogen;
			productName = Hydrogen;
			productReference = 4388306D1F9E9C2A000F59DF /* Hydrogen.app */;
			productType = "com.apple.product-type.application";
		};
/* End PBXNativeTarget section */

/* Begin PBXProject section */
		438830651F9E9C2A000F59DF /* Project object */ = {
			isa = PBXProject;
			attributes = {
				LastSwiftUpdateCheck = 0900;
				LastUpgradeCheck = 0900;
				ORGANIZATIONNAME = "Jacob Bashista";
				TargetAttributes = {
					4388306C1F9E9C2A000F59DF = {
						CreatedOnToolsVersion = 9.0.1;
						ProvisioningStyle = Automatic;
					};
				};
			};
			buildConfigurationList = 438830681F9E9C2A000F59DF /* Build configuration list for PBXProject "Hydrogen" */;
			compatibilityVersion = "Xcode 8.0";
			developmentRegion = en;
			hasScannedForEncodings = 0;
			knownRegions = (
				en,
				Base,
			);
			mainGroup = 438830641F9E9C2A000F59DF;
			productRefGroup = 4388306E1F9E9C2A000F59DF /* Products */;
			projectDirPath = "";
			projectRoot = "";
			targets = (
				4388306C1F9E9C2A000F59DF /* Hydrogen */,
			);
		};
/* End PBXProject section */

/* Begin PBXResourcesBuildPhase section */
		4388306B1F9E9C2A000F59DF /* Resources */ = {
			isa = PBXResourcesBuildPhase;
			buildActionMask = 2147483647;
			files = (
				4388307B1F9E9C2A000F59DF /* LaunchScreen.storyboard in Resources */,
				438830781F9E9C2A000F59DF /* Assets.xcassets in Resources */,
				438830761F9E9C2A000F59DF /* Main.storyboard in Resources */,
				436D08B11FA38D55009C0172 /* Logo.png in Resources */,
			);
			runOnlyForDeploymentPostprocessing = 0;
		};
/* End PBXResourcesBuildPhase section */

/* Begin PBXShellScriptBuildPhase section */
		25C578F39D533926BB98398E /* [CP] Check Pods Manifest.lock */ = {
			isa = PBXShellScriptBuildPhase;
			buildActionMask = 2147483647;
			files = (
			);
			inputPaths = (
				"${PODS_PODFILE_DIR_PATH}/Podfile.lock",
				"${PODS_ROOT}/Manifest.lock",
			);
			name = "[CP] Check Pods Manifest.lock";
			outputPaths = (
				"$(DERIVED_FILE_DIR)/Pods-Hydrogen-checkManifestLockResult.txt",
			);
			runOnlyForDeploymentPostprocessing = 0;
			shellPath = /bin/sh;
			shellScript = "diff \"${PODS_PODFILE_DIR_PATH}/Podfile.lock\" \"${PODS_ROOT}/Manifest.lock\" > /dev/null\nif [ $? != 0 ] ; then\n    # print error to STDERR\n    echo \"error: The sandbox is not in sync with the Podfile.lock. Run 'pod install' or update your CocoaPods installation.\" >&2\n    exit 1\nfi\n# This output is used by Xcode 'outputs' to avoid re-running this script phase.\necho \"SUCCESS\" > \"${SCRIPT_OUTPUT_FILE_0}\"\n";
			showEnvVarsInLog = 0;
		};
		2EB41D8A910B27EC9DEDCD57 /* [CP] Embed Pods Frameworks */ = {
			isa = PBXShellScriptBuildPhase;
			buildActionMask = 2147483647;
			files = (
			);
			inputPaths = (
				"${SRCROOT}/Pods/Target Support Files/Pods-Hydrogen/Pods-Hydrogen-frameworks.sh",
				"${BUILT_PRODUCTS_DIR}/Alamofire/Alamofire.framework",
				"${BUILT_PRODUCTS_DIR}/SwiftGifOrigin/SwiftGifOrigin.framework",
				"${BUILT_PRODUCTS_DIR}/SwiftyJSON/SwiftyJSON.framework",
			);
			name = "[CP] Embed Pods Frameworks";
			outputPaths = (
				"${TARGET_BUILD_DIR}/${FRAMEWORKS_FOLDER_PATH}/Alamofire.framework",
				"${TARGET_BUILD_DIR}/${FRAMEWORKS_FOLDER_PATH}/SwiftGifOrigin.framework",
				"${TARGET_BUILD_DIR}/${FRAMEWORKS_FOLDER_PATH}/SwiftyJSON.framework",
			);
			runOnlyForDeploymentPostprocessing = 0;
			shellPath = /bin/sh;
			shellScript = "\"${SRCROOT}/Pods/Target Support Files/Pods-Hydrogen/Pods-Hydrogen-frameworks.sh\"\n";
			showEnvVarsInLog = 0;
		};
		5F8F0126DE1F353EFCE71EC1 /* [CP] Copy Pods Resources */ = {
			isa = PBXShellScriptBuildPhase;
			buildActionMask = 2147483647;
			files = (
			);
			inputPaths = (
			);
			name = "[CP] Copy Pods Resources";
			outputPaths = (
			);
			runOnlyForDeploymentPostprocessing = 0;
			shellPath = /bin/sh;
			shellScript = "\"${SRCROOT}/Pods/Target Support Files/Pods-Hydrogen/Pods-Hydrogen-resources.sh\"\n";
			showEnvVarsInLog = 0;
		};
/* End PBXShellScriptBuildPhase section */

/* Begin PBXSourcesBuildPhase section */
		438830691F9E9C2A000F59DF /* Sources */ = {
			isa = PBXSourcesBuildPhase;
			buildActionMask = 2147483647;
			files = (
				438830731F9E9C2A000F59DF /* ViewController.swift in Sources */,
				438830711F9E9C2A000F59DF /* AppDelegate.swift in Sources */,
				4312C3EC1FA232FC00CD8AA9 /* GifTableViewCell.swift in Sources */,
				438AE12F1F9EA0E000F235B1 /* ImageTableViewCell.swift in Sources */,
				4308E3651FA3C08100F1E7B2 /* WebViewController.swift in Sources */,
				435296301F9F8FD10079877D /* TextTableViewCell.swift in Sources */,
				435296321F9F92EA0079877D /* LinkTableViewCell.swift in Sources */,
			);
			runOnlyForDeploymentPostprocessing = 0;
		};
/* End PBXSourcesBuildPhase section */

/* Begin PBXVariantGroup section */
		438830741F9E9C2A000F59DF /* Main.storyboard */ = {
			isa = PBXVariantGroup;
			children = (
				438830751F9E9C2A000F59DF /* Base */,
			);
			name = Main.storyboard;
			sourceTree = "<group>";
		};
		438830791F9E9C2A000F59DF /* LaunchScreen.storyboard */ = {
			isa = PBXVariantGroup;
			children = (
				4388307A1F9E9C2A000F59DF /* Base */,
			);
			name = LaunchScreen.storyboard;
			sourceTree = "<group>";
		};
/* End PBXVariantGroup section */

/* Begin XCBuildConfiguration section */
		4388307D1F9E9C2A000F59DF /* Debug */ = {
			isa = XCBuildConfiguration;
			buildSettings = {
				ALWAYS_SEARCH_USER_PATHS = NO;
				CLANG_ANALYZER_NONNULL = YES;
				CLANG_ANALYZER_NUMBER_OBJECT_CONVERSION = YES_AGGRESSIVE;
				CLANG_CXX_LANGUAGE_STANDARD = "gnu++14";
				CLANG_CXX_LIBRARY = "libc++";
				CLANG_ENABLE_MODULES = YES;
				CLANG_ENABLE_OBJC_ARC = YES;
				CLANG_WARN_BLOCK_CAPTURE_AUTORELEASING = YES;
				CLANG_WARN_BOOL_CONVERSION = YES;
				CLANG_WARN_COMMA = YES;
				CLANG_WARN_CONSTANT_CONVERSION = YES;
				CLANG_WARN_DIRECT_OBJC_ISA_USAGE = YES_ERROR;
				CLANG_WARN_DOCUMENTATION_COMMENTS = YES;
				CLANG_WARN_EMPTY_BODY = YES;
				CLANG_WARN_ENUM_CONVERSION = YES;
				CLANG_WARN_INFINITE_RECURSION = YES;
				CLANG_WARN_INT_CONVERSION = YES;
				CLANG_WARN_NON_LITERAL_NULL_CONVERSION = YES;
				CLANG_WARN_OBJC_LITERAL_CONVERSION = YES;
				CLANG_WARN_OBJC_ROOT_CLASS = YES_ERROR;
				CLANG_WARN_RANGE_LOOP_ANALYSIS = YES;
				CLANG_WARN_STRICT_PROTOTYPES = YES;
				CLANG_WARN_SUSPICIOUS_MOVE = YES;
				CLANG_WARN_UNGUARDED_AVAILABILITY = YES_AGGRESSIVE;
				CLANG_WARN_UNREACHABLE_CODE = YES;
				CLANG_WARN__DUPLICATE_METHOD_MATCH = YES;
				CODE_SIGN_IDENTITY = "iPhone Developer";
				COPY_PHASE_STRIP = NO;
				DEBUG_INFORMATION_FORMAT = dwarf;
				ENABLE_STRICT_OBJC_MSGSEND = YES;
				ENABLE_TESTABILITY = YES;
				GCC_C_LANGUAGE_STANDARD = gnu11;
				GCC_DYNAMIC_NO_PIC = NO;
				GCC_NO_COMMON_BLOCKS = YES;
				GCC_OPTIMIZATION_LEVEL = 0;
				GCC_PREPROCESSOR_DEFINITIONS = (
					"DEBUG=1",
					"$(inherited)",
				);
				GCC_WARN_64_TO_32_BIT_CONVERSION = YES;
				GCC_WARN_ABOUT_RETURN_TYPE = YES_ERROR;
				GCC_WARN_UNDECLARED_SELECTOR = YES;
				GCC_WARN_UNINITIALIZED_AUTOS = YES_AGGRESSIVE;
				GCC_WARN_UNUSED_FUNCTION = YES;
				GCC_WARN_UNUSED_VARIABLE = YES;
				IPHONEOS_DEPLOYMENT_TARGET = 11.0;
				MTL_ENABLE_DEBUG_INFO = YES;
				ONLY_ACTIVE_ARCH = YES;
				SDKROOT = iphoneos;
				SWIFT_ACTIVE_COMPILATION_CONDITIONS = DEBUG;
				SWIFT_OPTIMIZATION_LEVEL = "-Onone";
			};
			name = Debug;
		};
		4388307E1F9E9C2A000F59DF /* Release */ = {
			isa = XCBuildConfiguration;
			buildSettings = {
				ALWAYS_SEARCH_USER_PATHS = NO;
				CLANG_ANALYZER_NONNULL = YES;
				CLANG_ANALYZER_NUMBER_OBJECT_CONVERSION = YES_AGGRESSIVE;
				CLANG_CXX_LANGUAGE_STANDARD = "gnu++14";
				CLANG_CXX_LIBRARY = "libc++";
				CLANG_ENABLE_MODULES = YES;
				CLANG_ENABLE_OBJC_ARC = YES;
				CLANG_WARN_BLOCK_CAPTURE_AUTORELEASING = YES;
				CLANG_WARN_BOOL_CONVERSION = YES;
				CLANG_WARN_COMMA = YES;
				CLANG_WARN_CONSTANT_CONVERSION = YES;
				CLANG_WARN_DIRECT_OBJC_ISA_USAGE = YES_ERROR;
				CLANG_WARN_DOCUMENTATION_COMMENTS = YES;
				CLANG_WARN_EMPTY_BODY = YES;
				CLANG_WARN_ENUM_CONVERSION = YES;
				CLANG_WARN_INFINITE_RECURSION = YES;
				CLANG_WARN_INT_CONVERSION = YES;
				CLANG_WARN_NON_LITERAL_NULL_CONVERSION = YES;
				CLANG_WARN_OBJC_LITERAL_CONVERSION = YES;
				CLANG_WARN_OBJC_ROOT_CLASS = YES_ERROR;
				CLANG_WARN_RANGE_LOOP_ANALYSIS = YES;
				CLANG_WARN_STRICT_PROTOTYPES = YES;
				CLANG_WARN_SUSPICIOUS_MOVE = YES;
				CLANG_WARN_UNGUARDED_AVAILABILITY = YES_AGGRESSIVE;
				CLANG_WARN_UNREACHABLE_CODE = YES;
				CLANG_WARN__DUPLICATE_METHOD_MATCH = YES;
				CODE_SIGN_IDENTITY = "iPhone Developer";
				COPY_PHASE_STRIP = NO;
				DEBUG_INFORMATION_FORMAT = "dwarf-with-dsym";
				ENABLE_NS_ASSERTIONS = NO;
				ENABLE_STRICT_OBJC_MSGSEND = YES;
				GCC_C_LANGUAGE_STANDARD = gnu11;
				GCC_NO_COMMON_BLOCKS = YES;
				GCC_WARN_64_TO_32_BIT_CONVERSION = YES;
				GCC_WARN_ABOUT_RETURN_TYPE = YES_ERROR;
				GCC_WARN_UNDECLARED_SELECTOR = YES;
				GCC_WARN_UNINITIALIZED_AUTOS = YES_AGGRESSIVE;
				GCC_WARN_UNUSED_FUNCTION = YES;
				GCC_WARN_UNUSED_VARIABLE = YES;
				IPHONEOS_DEPLOYMENT_TARGET = 11.0;
				MTL_ENABLE_DEBUG_INFO = NO;
				SDKROOT = iphoneos;
				SWIFT_OPTIMIZATION_LEVEL = "-Owholemodule";
				VALIDATE_PRODUCT = YES;
			};
			name = Release;
		};
		438830801F9E9C2A000F59DF /* Debug */ = {
			isa = XCBuildConfiguration;
			baseConfigurationReference = 427B1706A6528F9F753A3B32 /* Pods-Hydrogen.debug.xcconfig */;
			buildSettings = {
				ASSETCATALOG_COMPILER_APPICON_NAME = AppIcon;
				"CODE_SIGN_IDENTITY[sdk=iphoneos*]" = "iPhone Developer";
				CODE_SIGN_STYLE = Automatic;
				DEVELOPMENT_TEAM = 52XU3AFXCU;
				INFOPLIST_FILE = Hydrogen/Info.plist;
				LD_RUNPATH_SEARCH_PATHS = "$(inherited) @executable_path/Frameworks";
				PRODUCT_BUNDLE_IDENTIFIER = haus.orange.rc;
				PRODUCT_NAME = "$(TARGET_NAME)";
				PROVISIONING_PROFILE_SPECIFIER = "";
				SWIFT_VERSION = 4.0;
				TARGETED_DEVICE_FAMILY = "1,2";
			};
			name = Debug;
		};
		438830811F9E9C2A000F59DF /* Release */ = {
			isa = XCBuildConfiguration;
			baseConfigurationReference = 5E3E8443DA32FC86127DA717 /* Pods-Hydrogen.release.xcconfig */;
			buildSettings = {
				ASSETCATALOG_COMPILER_APPICON_NAME = AppIcon;
				"CODE_SIGN_IDENTITY[sdk=iphoneos*]" = "iPhone Developer";
				CODE_SIGN_STYLE = Automatic;
				DEVELOPMENT_TEAM = 52XU3AFXCU;
				INFOPLIST_FILE = Hydrogen/Info.plist;
				LD_RUNPATH_SEARCH_PATHS = "$(inherited) @executable_path/Frameworks";
				PRODUCT_BUNDLE_IDENTIFIER = haus.orange.rc;
				PRODUCT_NAME = "$(TARGET_NAME)";
				PROVISIONING_PROFILE_SPECIFIER = "";
				SWIFT_VERSION = 4.0;
				TARGETED_DEVICE_FAMILY = "1,2";
			};
			name = Release;
		};
/* End XCBuildConfiguration section */

/* Begin XCConfigurationList section */
		438830681F9E9C2A000F59DF /* Build configuration list for PBXProject "Hydrogen" */ = {
			isa = XCConfigurationList;
			buildConfigurations = (
				4388307D1F9E9C2A000F59DF /* Debug */,
				4388307E1F9E9C2A000F59DF /* Release */,
			);
			defaultConfigurationIsVisible = 0;
			defaultConfigurationName = Release;
		};
		4388307F1F9E9C2A000F59DF /* Build configuration list for PBXNativeTarget "Hydrogen" */ = {
			isa = XCConfigurationList;
			buildConfigurations = (
				438830801F9E9C2A000F59DF /* Debug */,
				438830811F9E9C2A000F59DF /* Release */,
			);
			defaultConfigurationIsVisible = 0;
			defaultConfigurationName = Release;
		};
/* End XCConfigurationList section */
	};
	rootObject = 438830651F9E9C2A000F59DF /* Project object */;
}
